<Solution>
  <Folder Name="/src/">
    <Project Path="src/JazzHands.App/JazzHands.App.csproj" />
    <Project Path="src/JazzHands.Audio/JazzHands.Audio.csproj" />
    <Project Path="src/JazzHands.Cli/JazzHands.Cli.csproj">
      <Platform Project="x64" />
    </Project>
    <Project Path="src/JazzHands.Control/JazzHands.Control.csproj" />
    <Project Path="src/JazzHands.Core/JazzHands.Core.csproj" />
    <Project Path="src/JazzHands.Engine/JazzHands.Engine.csproj" />
    <Project Path="src/JazzHands.Mcp/JazzHands.Mcp.csproj">
      <Platform Project="x64" />
    </Project>
    <Project Path="src/JazzHands.Media/JazzHands.Media.csproj" />
    <Project Path="src/JazzHands.Render/JazzHands.Render.csproj" />
    <Project Path="src/JazzHands.Speech/JazzHands.Speech.csproj" />
    <Project Path="src/JazzHands.Inference/JazzHands.Inference.csproj" />
    <Project Path="src/JazzHands.Plugins/JazzHands.Plugins.csproj" />
    <Project Path="src/JazzHands.DialogHost/JazzHands.DialogHost.csproj">
      <Platform Project="x64" />
    </Project>
    <Project Path="src/JazzHands.PluginHost/JazzHands.PluginHost.csproj">
      <Platform Project="x64" />
    </Project>
  </Folder>
</Solution>
